// !$*UTF8*$!
{
	archiveVersion = 1;
	classes = {
	};
	objectVersion = 46;
	objects = {

/* Begin PBXBuildFile section */
		B777964E170B3B1D0040DC74 /* UIKit.framework in Frameworks */ = {isa = PBXBuildFile; fileRef = B777964D170B3B1D0040DC74 /* UIKit.framework */; };
		B7779650170B3B1D0040DC74 /* Foundation.framework in Frameworks */ = {isa = PBXBuildFile; fileRef = B777964F170B3B1D0040DC74 /* Foundation.framework */; };
		B7779652170B3B1D0040DC74 /* CoreGraphics.framework in Frameworks */ = {isa = PBXBuildFile; fileRef = B7779651170B3B1D0040DC74 /* CoreGraphics.framework */; };
		B7779658170B3B1E0040DC74 /* InfoPlist.strings in Resources */ = {isa = PBXBuildFile; fileRef = B7779656170B3B1E0040DC74 /* InfoPlist.strings */; };
		B777965A170B3B1E0040DC74 /* main.m in Sources */ = {isa = PBXBuildFile; fileRef = B7779659170B3B1E0040DC74 /* main.m */; };
		B777965E170B3B1E0040DC74 /* CardGameAppDelegate.m in Sources */ = {isa = PBXBuildFile; fileRef = B777965D170B3B1E0040DC74 /* CardGameAppDelegate.m */; };
		B7779660170B3B1E0040DC74 /* Default.png in Resources */ = {isa = PBXBuildFile; fileRef = B777965F170B3B1E0040DC74 /* Default.png */; };
		B7779662170B3B1E0040DC74 /* Default@2x.png in Resources */ = {isa = PBXBuildFile; fileRef = B7779661170B3B1E0040DC74 /* Default@2x.png */; };
		B7779664170B3B1E0040DC74 /* Default-568h@2x.png in Resources */ = {isa = PBXBuildFile; fileRef = B7779663170B3B1E0040DC74 /* Default-568h@2x.png */; };
		B7779667170B3B1E0040DC74 /* MainStoryboard.storyboard in Resources */ = {isa = PBXBuildFile; fileRef = B7779665170B3B1E0040DC74 /* MainStoryboard.storyboard */; };
		B777966A170B3B1E0040DC74 /* CardGameViewController.m in Sources */ = {isa = PBXBuildFile; fileRef = B7779669170B3B1E0040DC74 /* CardGameViewController.m */; };
		B7779672170B3E0B0040DC74 /* Card.m in Sources */ = {isa = PBXBuildFile; fileRef = B7779671170B3E0B0040DC74 /* Card.m */; };
		B7779675170B3E470040DC74 /* Deck.m in Sources */ = {isa = PBXBuildFile; fileRef = B7779674170B3E470040DC74 /* Deck.m */; };
		B7779678170B3E6A0040DC74 /* PlayingCard.m in Sources */ = {isa = PBXBuildFile; fileRef = B7779677170B3E6A0040DC74 /* PlayingCard.m */; };
		B777967B170B3E7B0040DC74 /* PlayingCardDeck.m in Sources */ = {isa = PBXBuildFile; fileRef = B777967A170B3E7B0040DC74 /* PlayingCardDeck.m */; };
/* End PBXBuildFile section */

/* Begin PBXFileReference section */
		B777964A170B3B1D0040DC74 /* Matchismo.app */ = {isa = PBXFileReference; explicitFileType = wrapper.application; includeInIndex = 0; path = Matchismo.app; sourceTree = BUILT_PRODUCTS_DIR; };
		B777964D170B3B1D0040DC74 /* UIKit.framework */ = {isa = PBXFileReference; lastKnownFileType = wrapper.framework; name = UIKit.framework; path = System/Library/Frameworks/UIKit.framework; sourceTree = SDKROOT; };
		B777964F170B3B1D0040DC74 /* Foundation.framework */ = {isa = PBXFileReference; lastKnownFileType = wrapper.framework; name = Foundation.framework; path = System/Library/Frameworks/Foundation.framework; sourceTree = SDKROOT; };
		B7779651170B3B1D0040DC74 /* CoreGraphics.framework */ = {isa = PBXFileReference; lastKnownFileType = wrapper.framework; name = CoreGraphics.framework; path = System/Library/Frameworks/CoreGraphics.framework; sourceTree = SDKROOT; };
		B7779655170B3B1E0040DC74 /* Matchismo-Info.plist */ = {isa = PBXFileReference; lastKnownFileType = text.plist.xml; path = "Matchismo-Info.plist"; sourceTree = "<group>"; };
		B7779657170B3B1E0040DC74 /* en */ = {isa = PBXFileReference; lastKnownFileType = text.plist.strings; name = en; path = en.lproj/InfoPlist.strings; sourceTree = "<group>"; };
		B7779659170B3B1E0040DC74 /* main.m */ = {isa = PBXFileReference; lastKnownFileType = sourcecode.c.objc; path = main.m; sourceTree = "<group>"; };
		B777965B170B3B1E0040DC74 /* Matchismo-Prefix.pch */ = {isa = PBXFileReference; lastKnownFileType = sourcecode.c.h; path = "Matchismo-Prefix.pch"; sourceTree = "<group>"; };
		B777965C170B3B1E0040DC74 /* CardGameAppDelegate.h */ = {isa = PBXFileReference; lastKnownFileType = sourcecode.c.h; path = CardGameAppDelegate.h; sourceTree = "<group>"; };
		B777965D170B3B1E0040DC74 /* CardGameAppDelegate.m */ = {isa = PBXFileReference; lastKnownFileType = sourcecode.c.objc; path = CardGameAppDelegate.m; sourceTree = "<group>"; };
		B777965F170B3B1E0040DC74 /* Default.png */ = {isa = PBXFileReference; lastKnownFileType = image.png; path = Default.png; sourceTree = "<group>"; };
		B7779661170B3B1E0040DC74 /* Default@2x.png */ = {isa = PBXFileReference; lastKnownFileType = image.png; path = "Default@2x.png"; sourceTree = "<group>"; };
		B7779663170B3B1E0040DC74 /* Default-568h@2x.png */ = {isa = PBXFileReference; lastKnownFileType = image.png; path = "Default-568h@2x.png"; sourceTree = "<group>"; };
		B7779666170B3B1E0040DC74 /* en */ = {isa = PBXFileReference; lastKnownFileType = file.storyboard; name = en; path = en.lproj/MainStoryboard.storyboard; sourceTree = "<group>"; };
		B7779668170B3B1E0040DC74 /* CardGameViewController.h */ = {isa = PBXFileReference; lastKnownFileType = sourcecode.c.h; path = CardGameViewController.h; sourceTree = "<group>"; };
		B7779669170B3B1E0040DC74 /* CardGameViewController.m */ = {isa = PBXFileReference; lastKnownFileType = sourcecode.c.objc; path = CardGameViewController.m; sourceTree = "<group>"; };
		B7779670170B3E0B0040DC74 /* Card.h */ = {isa = PBXFileReference; fileEncoding = 4; lastKnownFileType = sourcecode.c.h; name = Card.h; path = Model/Card.h; sourceTree = "<group>"; };
		B7779671170B3E0B0040DC74 /* Card.m */ = {isa = PBXFileReference; fileEncoding = 4; lastKnownFileType = sourcecode.c.objc; name = Card.m; path = Model/Card.m; sourceTree = "<group>"; };
		B7779673170B3E470040DC74 /* Deck.h */ = {isa = PBXFileReference; fileEncoding = 4; lastKnownFileType = sourcecode.c.h; name = Deck.h; path = Model/Deck.h; sourceTree = "<group>"; };
		B7779674170B3E470040DC74 /* Deck.m */ = {isa = PBXFileReference; fileEncoding = 4; lastKnownFileType = sourcecode.c.objc; name = Deck.m; path = Model/Deck.m; sourceTree = "<group>"; };
		B7779676170B3E6A0040DC74 /* PlayingCard.h */ = {isa = PBXFileReference; fileEncoding = 4; lastKnownFileType = sourcecode.c.h; name = PlayingCard.h; path = Model/PlayingCard.h; sourceTree = "<group>"; };
		B7779677170B3E6A0040DC74 /* PlayingCard.m */ = {isa = PBXFileReference; fileEncoding = 4; lastKnownFileType = sourcecode.c.objc; name = PlayingCard.m; path = Model/PlayingCard.m; sourceTree = "<group>"; };
		B7779679170B3E7B0040DC74 /* PlayingCardDeck.h */ = {isa = PBXFileReference; fileEncoding = 4; lastKnownFileType = sourcecode.c.h; name = PlayingCardDeck.h; path = Model/PlayingCardDeck.h; sourceTree = "<group>"; };
		B777967A170B3E7B0040DC74 /* PlayingCardDeck.m */ = {isa = PBXFileReference; fileEncoding = 4; lastKnownFileType = sourcecode.c.objc; name = PlayingCardDeck.m; path = Model/PlayingCardDeck.m; sourceTree = "<group>"; };
/* End PBXFileReference section */

/* Begin PBXFrameworksBuildPhase section */
		B7779647170B3B1D0040DC74 /* Frameworks */ = {
			isa = PBXFrameworksBuildPhase;
			buildActionMask = 2147483647;
			files = (
				B777964E170B3B1D0040DC74 /* UIKit.framework in Frameworks */,
				B7779650170B3B1D0040DC74 /* Foundation.framework in Frameworks */,
				B7779652170B3B1D0040DC74 /* CoreGraphics.framework in Frameworks */,
			);
			runOnlyForDeploymentPostprocessing = 0;
		};
/* End PBXFrameworksBuildPhase section */

/* Begin PBXGroup section */
		B7779641170B3B1D0040DC74 = {
			isa = PBXGroup;
			children = (
				B7779653170B3B1D0040DC74 /* Matchismo */,
				B777964C170B3B1D0040DC74 /* Frameworks */,
				B777964B170B3B1D0040DC74 /* Products */,
			);
			sourceTree = "<group>";
		};
		B777964B170B3B1D0040DC74 /* Products */ = {
			isa = PBXGroup;
			children = (
				B777964A170B3B1D0040DC74 /* Matchismo.app */,
			);
			name = Products;
			sourceTree = "<group>";
		};
		B777964C170B3B1D0040DC74 /* Frameworks */ = {
			isa = PBXGroup;
			children = (
				B777964D170B3B1D0040DC74 /* UIKit.framework */,
				B777964F170B3B1D0040DC74 /* Foundation.framework */,
				B7779651170B3B1D0040DC74 /* CoreGraphics.framework */,
			);
			name = Frameworks;
			sourceTree = "<group>";
		};
		B7779653170B3B1D0040DC74 /* Matchismo */ = {
			isa = PBXGroup;
			children = (
				B777965C170B3B1E0040DC74 /* CardGameAppDelegate.h */,
				B777965D170B3B1E0040DC74 /* CardGameAppDelegate.m */,
				B7779665170B3B1E0040DC74 /* MainStoryboard.storyboard */,
				B7779670170B3E0B0040DC74 /* Card.h */,
				B7779671170B3E0B0040DC74 /* Card.m */,
				B7779673170B3E470040DC74 /* Deck.h */,
				B7779674170B3E470040DC74 /* Deck.m */,
				B7779676170B3E6A0040DC74 /* PlayingCard.h */,
				B7779677170B3E6A0040DC74 /* PlayingCard.m */,
				B7779679170B3E7B0040DC74 /* PlayingCardDeck.h */,
				B777967A170B3E7B0040DC74 /* PlayingCardDeck.m */,
				B7779668170B3B1E0040DC74 /* CardGameViewController.h */,
				B7779669170B3B1E0040DC74 /* CardGameViewController.m */,
				B7779654170B3B1E0040DC74 /* Supporting Files */,
			);
			path = Matchismo;
			sourceTree = "<group>";
		};
		B7779654170B3B1E0040DC74 /* Supporting Files */ = {
			isa = PBXGroup;
			children = (
				B7779655170B3B1E0040DC74 /* Matchismo-Info.plist */,
				B7779656170B3B1E0040DC74 /* InfoPlist.strings */,
				B7779659170B3B1E0040DC74 /* main.m */,
				B777965B170B3B1E0040DC74 /* Matchismo-Prefix.pch */,
				B777965F170B3B1E0040DC74 /* Default.png */,
				B7779661170B3B1E0040DC74 /* Default@2x.png */,
				B7779663170B3B1E0040DC74 /* Default-568h@2x.png */,
			);
			name = "Supporting Files";
			sourceTree = "<group>";
		};
/* End PBXGroup section */

/* Begin PBXNativeTarget section */
		B7779649170B3B1D0040DC74 /* Matchismo */ = {
			isa = PBXNativeTarget;
			buildConfigurationList = B777966D170B3B1E0040DC74 /* Build configuration list for PBXNativeTarget "Matchismo" */;
			buildPhases = (
				B7779646170B3B1D0040DC74 /* Sources */,
				B7779647170B3B1D0040DC74 /* Frameworks */,
				B7779648170B3B1D0040DC74 /* Resources */,
			);
			buildRules = (
			);
			dependencies = (
			);
			name = Matchismo;
			productName = Matchismo;
			productReference = B777964A170B3B1D0040DC74 /* Matchismo.app */;
			productType = "com.apple.product-type.application";
		};
/* End PBXNativeTarget section */

/* Begin PBXProject section */
		B7779642170B3B1D0040DC74 /* Project object */ = {
			isa = PBXProject;
			attributes = {
				CLASSPREFIX = CardGame;
				LastUpgradeCheck = 0460;
				ORGANIZATIONNAME = "Michał Filipiak";
			};
			buildConfigurationList = B7779645170B3B1D0040DC74 /* Build configuration list for PBXProject "Matchismo" */;
			compatibilityVersion = "Xcode 3.2";
			developmentRegion = English;
			hasScannedForEncodings = 0;
			knownRegions = (
				en,
			);
			mainGroup = B7779641170B3B1D0040DC74;
			productRefGroup = B777964B170B3B1D0040DC74 /* Products */;
			projectDirPath = "";
			projectRoot = "";
			targets = (
				B7779649170B3B1D0040DC74 /* Matchismo */,
			);
		};
/* End PBXProject section */

/* Begin PBXResourcesBuildPhase section */
		B7779648170B3B1D0040DC74 /* Resources */ = {
			isa = PBXResourcesBuildPhase;
			buildActionMask = 2147483647;
			files = (
				B7779658170B3B1E0040DC74 /* InfoPlist.strings in Resources */,
				B7779660170B3B1E0040DC74 /* Default.png in Resources */,
				B7779662170B3B1E0040DC74 /* Default@2x.png in Resources */,
				B7779664170B3B1E0040DC74 /* Default-568h@2x.png in Resources */,
				B7779667170B3B1E0040DC74 /* MainStoryboard.storyboard in Resources */,
			);
			runOnlyForDeploymentPostprocessing = 0;
		};
/* End PBXResourcesBuildPhase section */

/* Begin PBXSourcesBuildPhase section */
		B7779646170B3B1D0040DC74 /* Sources */ = {
			isa = PBXSourcesBuildPhase;
			buildActionMask = 2147483647;
			files = (
				B777965A170B3B1E0040DC74 /* main.m in Sources */,
				B777965E170B3B1E0040DC74 /* CardGameAppDelegate.m in Sources */,
				B777966A170B3B1E0040DC74 /* CardGameViewController.m in Sources */,
				B7779672170B3E0B0040DC74 /* Card.m in Sources */,
				B7779675170B3E470040DC74 /* Deck.m in Sources */,
				B7779678170B3E6A0040DC74 /* PlayingCard.m in Sources */,
				B777967B170B3E7B0040DC74 /* PlayingCardDeck.m in Sources */,
			);
			runOnlyForDeploymentPostprocessing = 0;
		};
/* End PBXSourcesBuildPhase section */

/* Begin PBXVariantGroup section */
		B7779656170B3B1E0040DC74 /* InfoPlist.strings */ = {
			isa = PBXVariantGroup;
			children = (
				B7779657170B3B1E0040DC74 /* en */,
			);
			name = InfoPlist.strings;
			sourceTree = "<group>";
		};
		B7779665170B3B1E0040DC74 /* MainStoryboard.storyboard */ = {
			isa = PBXVariantGroup;
			children = (
				B7779666170B3B1E0040DC74 /* en */,
			);
			name = MainStoryboard.storyboard;
			sourceTree = "<group>";
		};
/* End PBXVariantGroup section */

/* Begin XCBuildConfiguration section */
		B777966B170B3B1E0040DC74 /* Debug */ = {
			isa = XCBuildConfiguration;
			buildSettings = {
				ALWAYS_SEARCH_USER_PATHS = NO;
				CLANG_CXX_LANGUAGE_STANDARD = "gnu++0x";
				CLANG_CXX_LIBRARY = "libc++";
				CLANG_ENABLE_OBJC_ARC = YES;
				CLANG_WARN_CONSTANT_CONVERSION = YES;
				CLANG_WARN_EMPTY_BODY = YES;
				CLANG_WARN_ENUM_CONVERSION = YES;
				CLANG_WARN_INT_CONVERSION = YES;
				CLANG_WARN__DUPLICATE_METHOD_MATCH = YES;
				"CODE_SIGN_IDENTITY[sdk=iphoneos*]" = "iPhone Developer";
				COPY_PHASE_STRIP = NO;
				GCC_C_LANGUAGE_STANDARD = gnu99;
				GCC_DYNAMIC_NO_PIC = NO;
				GCC_OPTIMIZATION_LEVEL = 0;
				GCC_PREPROCESSOR_DEFINITIONS = (
					"DEBUG=1",
					"$(inherited)",
				);
				GCC_SYMBOLS_PRIVATE_EXTERN = NO;
				GCC_WARN_ABOUT_RETURN_TYPE = YES;
				GCC_WARN_UNINITIALIZED_AUTOS = YES;
				GCC_WARN_UNUSED_VARIABLE = YES;
				IPHONEOS_DEPLOYMENT_TARGET = 6.1;
				ONLY_ACTIVE_ARCH = YES;
				SDKROOT = iphoneos;
			};
			name = Debug;
		};
		B777966C170B3B1E0040DC74 /* Release */ = {
			isa = XCBuildConfiguration;
			buildSettings = {
				ALWAYS_SEARCH_USER_PATHS = NO;
				CLANG_CXX_LANGUAGE_STANDARD = "gnu++0x";
				CLANG_CXX_LIBRARY = "libc++";
				CLANG_ENABLE_OBJC_ARC = YES;
				CLANG_WARN_CONSTANT_CONVERSION = YES;
				CLANG_WARN_EMPTY_BODY = YES;
				CLANG_WARN_ENUM_CONVERSION = YES;
				CLANG_WARN_INT_CONVERSION = YES;
				CLANG_WARN__DUPLICATE_METHOD_MATCH = YES;
				"CODE_SIGN_IDENTITY[sdk=iphoneos*]" = "iPhone Developer";
				COPY_PHASE_STRIP = YES;
				GCC_C_LANGUAGE_STANDARD = gnu99;
				GCC_WARN_ABOUT_RETURN_TYPE = YES;
				GCC_WARN_UNINITIALIZED_AUTOS = YES;
				GCC_WARN_UNUSED_VARIABLE = YES;
				IPHONEOS_DEPLOYMENT_TARGET = 6.1;
				OTHER_CFLAGS = "-DNS_BLOCK_ASSERTIONS=1";
				SDKROOT = iphoneos;
				VALIDATE_PRODUCT = YES;
			};
			name = Release;
		};
		B777966E170B3B1E0040DC74 /* Debug */ = {
			isa = XCBuildConfiguration;
			buildSettings = {
				GCC_PRECOMPILE_PREFIX_HEADER = YES;
				GCC_PREFIX_HEADER = "Matchismo/Matchismo-Prefix.pch";
				INFOPLIST_FILE = "Matchismo/Matchismo-Info.plist";
				PRODUCT_NAME = "$(TARGET_NAME)";
				WRAPPER_EXTENSION = app;
			};
			name = Debug;
		};
		B777966F170B3B1E0040DC74 /* Release */ = {
			isa = XCBuildConfiguration;
			buildSettings = {
				GCC_PRECOMPILE_PREFIX_HEADER = YES;
				GCC_PREFIX_HEADER = "Matchismo/Matchismo-Prefix.pch";
				INFOPLIST_FILE = "Matchismo/Matchismo-Info.plist";
				PRODUCT_NAME = "$(TARGET_NAME)";
				WRAPPER_EXTENSION = app;
			};
			name = Release;
		};
/* End XCBuildConfiguration section */

/* Begin XCConfigurationList section */
		B7779645170B3B1D0040DC74 /* Build configuration list for PBXProject "Matchismo" */ = {
			isa = XCConfigurationList;
			buildConfigurations = (
				B777966B170B3B1E0040DC74 /* Debug */,
				B777966C170B3B1E0040DC74 /* Release */,
			);
			defaultConfigurationIsVisible = 0;
			defaultConfigurationName = Release;
		};
		B777966D170B3B1E0040DC74 /* Build configuration list for PBXNativeTarget "Matchismo" */ = {
			isa = XCConfigurationList;
			buildConfigurations = (
				B777966E170B3B1E0040DC74 /* Debug */,
				B777966F170B3B1E0040DC74 /* Release */,
			);
			defaultConfigurationIsVisible = 0;
		};
/* End XCConfigurationList section */
	};
	rootObject = B7779642170B3B1D0040DC74 /* Project object */;
}
